github.com/nadirweibel/wowchemy-widget-allpages v0.0.0-20211206063056-ca474016a9c1 h1:FVeusgoNNzNe5E+EIiNvuF0V5uJq3mz+DzXzfPdcjjo=
github.com/nadirweibel/wowchemy-widget-allpages v0.0.0-20211206063056-ca474016a9c1/go.mod h1:LrNzjPAf8nGUCgu4qWOsd9vKEicQn+S09vwWM9+LLJI=
github.com/nadirweibel/wowchemy-widget-allpages v0.0.0-20211206064335-60035443c08b h1:aCCAEhproybjMRJEgQfBkfVwxoriRLzQ5BtVWr3iuH8=
github.com/nadirweibel/wowchemy-widget-allpages v0.0.0-20211206064335-60035443c08b/go.mod h1:LrNzjPAf8nGUCgu4qWOsd9vKEicQn+S09vwWM9+LLJI=
github.com/nadirweibel/wowchemy-widget-allpages v0.0.0-20211206064942-b6f647ac4c81 h1:oZ3XMvdgIHxxCGaA1abuHV1K9HSmd+ZioaxUHkj+8e0=
github.com/nadirweibel/wowchemy-widget-allpages v0.0.0-20211206064942-b6f647ac4c81/go.mod h1:LrNzjPAf8nGUCgu4qWOsd9vKEicQn+S09vwWM9+LLJI=
github.com/nadirweibel/wowchemy-widget-allpages v0.0.0-20211206065151-df1961930163 h1:7CZMmUa/3DN9coqcj6ajSLG5H7O6Kk7f/vVQ6LQIZbw=
github.com/nadirweibel/wowchemy-widget-allpages v0.0.0-20211206065151-df1961930163/go.mod h1:LrNzjPAf8nGUCgu4qWOsd9vKEicQn+S09vwWM9+LLJI=
github.com/nadirweibel/wowchemy-widget-allpages v0.0.0-20211206065255-4d7e0cd8610e h1:U4RsBSTTZZI20JzMhkmHMW3g6KrfFEaOlGmaRVyGhbw=
github.com/nadirweibel/wowchemy-widget-allpages v0.0.0-20211206065255-4d7e0cd8610e/go.mod h1:LrNzjPAf8nGUCgu4qWOsd9vKEicQn+S09vwWM9+LLJI=
github.com/nadirweibel/wowchemy-widget-allpages v0.0.0-20211206065337-6e540f9bea29 h1:kjWAeJ79XAOEaiqp0BSbwglmuCYCDi8vZAGSyfmEfFg=
github.com/nadirweibel/wowchemy-widget-allpages v0.0.0-20211206065337-6e540f9bea29/go.mod h1:LrNzjPAf8nGUCgu4qWOsd9vKEicQn+S09vwWM9+LLJI=
github.com/nadirweibel/wowchemy-widget-allpages v0.0.0-20211206065611-9efd91437c8c h1:oD3XuXowYhETeUT3Ya7xBISB/Hyan02stmX+LsfC3Mo=
github.com/nadirweibel/wowchemy-widget-allpages v0.0.0-20211206065611-9efd91437c8c/go.mod h1:LrNzjPAf8nGUCgu4qWOsd9vKEicQn+S09vwWM9+LLJI=
github.com/nadirweibel/wowchemy-widget-allpages v0.0.0-20211206065758-2f07a076b4e2 h1:lsgoUXyzqg74CM0/X3n61crx/HOQtIOB0Z30lsDyLSs=
github.com/nadirweibel/wowchemy-widget-allpages v0.0.0-20211206065758-2f07a076b4e2/go.mod h1:LrNzjPAf8nGUCgu4qWOsd9vKEicQn+S09vwWM9+LLJI=
github.com/nadirweibel/wowchemy-widget-allpages v0.0.0-20211206070021-166bdc2f27f3 h1:IE7lsvcQ2dkVY1NzYznvVhcCEJsM9aw/GeiA1YlPBzQ=
github.com/nadirweibel/wowchemy-widget-allpages v0.0.0-20211206070021-166bdc2f27f3/go.mod h1:LrNzjPAf8nGUCgu4qWOsd9vKEicQn+S09vwWM9+LLJI=
github.com/nadirweibel/wowchemy-widget-allpages v0.0.0-20211206070056-2077fe7da53c h1:6D0RtZPuR9GcTSWRu4NhUKu5vo4BJlga9awdpuRKv/E=
github.com/nadirweibel/wowchemy-widget-allpages v0.0.0-20211206070056-2077fe7da53c/go.mod h1:LrNzjPAf8nGUCgu4qWOsd9vKEicQn+S09vwWM9+LLJI=
github.com/nadirweibel/wowchemy-widget-allpages v0.0.0-20211206070153-896ae6fc739e h1:5uj6P6ARbiaEy2Tpd9Wlc/advWcRUHtEgWcI6MXz0G8=
github.com/nadirweibel/wowchemy-widget-allpages v0.0.0-20211206070153-896ae6fc739e/go.mod h1:LrNzjPAf8nGUCgu4qWOsd9vKEicQn+S09vwWM9+LLJI=
github.com/nadirweibel/wowchemy-widget-allpages v0.0.0-20211206070246-8604e68537ea h1:i5d5MXcLbFPxrUvDdp3B1V4RmqrBfijAAAdqfxmNJzc=
github.com/nadirweibel/wowchemy-widget-allpages v0.0.0-20211206070246-8604e68537ea/go.mod h1:LrNzjPAf8nGUCgu4qWOsd9vKEicQn+S09vwWM9+LLJI=
github.com/wowchemy/wowchemy-hugo-modules/wowchemy v0.0.0-20210526223849-81ba17522966 h1:qQ+BOah36CL2HMtG4NLZGhZ0MGBwq7CPy9DPll1U8Yk=
github.com/wowchemy/wowchemy-hugo-modules/wowchemy v0.0.0-20210526223849-81ba17522966/go.mod h1:H22qfH9qj3FWwsk7+bAZpmT24yRGNQURah2/IRwjbn8=
github.com/wowchemy/wowchemy-hugo-modules/wowchemy-cms v0.0.0-20210526223849-81ba17522966 h1:WZer9Efx+RVA6ywDcyWNdQyZi3j/Sr77AVy1oHKEu7s=
github.com/wowchemy/wowchemy-hugo-modules/wowchemy-cms v0.0.0-20210526223849-81ba17522966/go.mod h1:AKpYbqUVlj0VYsc7Jsxe1o8Ko2yV31A5ZPdfpACcXJw=
